
Microsoft Visual Studio Solution File, Format Version 12.00
# Visual Studio Version 17
VisualStudioVersion = 17.13.35825.156 d17.13
MinimumVisualStudioVersion = 10.0.40219.1
Project("{8BC9CEB8-8B4A-11D0-8D11-00A0C91BC942}") = "dynamic_cast", "dynamic_cast\dynamic_cast.vcxproj", "{5D16A5C8-DF5C-4640-A9F8-4D08A64ACFE1}"
EndProject
Global
	GlobalSection(SolutionConfigurationPlatforms) = preSolution
		Debug|x64 = Debug|x64
		Debug|x86 = Debug|x86
		Release|x64 = Release|x64
		Release|x86 = Release|x86
	EndGlobalSection
	GlobalSection(ProjectConfigurationPlatforms) = postSolution
		{5D16A5C8-DF5C-4640-A9F8-4D08A64ACFE1}.Debug|x64.ActiveCfg = Debug|x64
		{5D16A5C8-DF5C-4640-A9F8-4D08A64ACFE1}.Debug|x64.Build.0 = Debug|x64
		{5D16A5C8-DF5C-4640-A9F8-4D08A64ACFE1}.Debug|x86.ActiveCfg = Debug|Win32
		{5D16A5C8-DF5C-4640-A9F8-4D08A64ACFE1}.Debug|x86.Build.0 = Debug|Win32
		{5D16A5C8-DF5C-4640-A9F8-4D08A64ACFE1}.Release|x64.ActiveCfg = Release|x64
		{5D16A5C8-DF5C-4640-A9F8-4D08A64ACFE1}.Release|x64.Build.0 = Release|x64
		{5D16A5C8-DF5C-4640-A9F8-4D08A64ACFE1}.Release|x86.ActiveCfg = Release|Win32
		{5D16A5C8-DF5C-4640-A9F8-4D08A64ACFE1}.Release|x86.Build.0 = Release|Win32
	EndGlobalSection
	GlobalSection(SolutionProperties) = preSolution
		HideSolutionNode = FALSE
	EndGlobalSection
	GlobalSection(ExtensibilityGlobals) = postSolution
		SolutionGuid = {7C24339E-9CBD-4DDC-AB9B-2C3D0F1786F8}
	EndGlobalSection
EndGlobal
